// !$*UTF8*$!
{
	archiveVersion = 1;
	classes = {
	};
	objectVersion = 77;
	objects = {

/* Begin PBXBuildFile section */
		E5790AB52F878C1300D494E0 /* AppDelegate.swift in Sources */ = {isa = PBXBuildFile; fileRef = E5790AB42F878C1300D494E0 /* AppDelegate.swift */; };
		E5790AB72F878C1300D494E0 /* SceneDelegate.swift in Sources */ = {isa = PBXBuildFile; fileRef = E5790AB62F878C1300D494E0 /* SceneDelegate.swift */; };
		E5790ABA2F878C1300D494E0 /* LaunchScreen.storyboard in Resources */ = {isa = PBXBuildFile; fileRef = E5790AB82F878C1300D494E0 /* LaunchScreen.storyboard */; };
		E5790ABD2F878C1300D494E0 /* Main.storyboard in Resources */ = {isa = PBXBuildFile; fileRef = E5790ABB2F878C1300D494E0 /* Main.storyboard */; };
		E5790AC62F878C1300D494E0 /* AppDelegate.swift in Sources */ = {isa = PBXBuildFile; fileRef = E5790AC52F878C1300D494E0 /* AppDelegate.swift */; };
		E5790AC92F878C1300D494E0 /* Main.storyboard in Resources */ = {isa = PBXBuildFile; fileRef = E5790AC72F878C1300D494E0 /* Main.storyboard */; };
		E5790AD02F878C1300D494E0 /* HWP Viewer Extension.appex in Embed Foundation Extensions */ = {isa = PBXBuildFile; fileRef = E5790ACF2F878C1300D494E0 /* HWP Viewer Extension.appex */; settings = {ATTRIBUTES = (RemoveHeadersOnCopy, ); }; };
		E5790ADA2F878C1300D494E0 /* HWP Viewer Extension.appex in Embed Foundation Extensions */ = {isa = PBXBuildFile; fileRef = E5790AD92F878C1300D494E0 /* HWP Viewer Extension.appex */; settings = {ATTRIBUTES = (RemoveHeadersOnCopy, ); }; };
		E5790ADF2F878C1300D494E0 /* Main.html in Resources */ = {isa = PBXBuildFile; fileRef = E5790AA42F878C1200D494E0 /* Main.html */; };
		E5790AE02F878C1300D494E0 /* Main.html in Resources */ = {isa = PBXBuildFile; fileRef = E5790AA42F878C1200D494E0 /* Main.html */; };
		E5790AE12F878C1300D494E0 /* Icon.png in Resources */ = {isa = PBXBuildFile; fileRef = E5790AA62F878C1200D494E0 /* Icon.png */; };
		E5790AE22F878C1300D494E0 /* Icon.png in Resources */ = {isa = PBXBuildFile; fileRef = E5790AA62F878C1200D494E0 /* Icon.png */; };
		E5790AE32F878C1300D494E0 /* Style.css in Resources */ = {isa = PBXBuildFile; fileRef = E5790AA72F878C1200D494E0 /* Style.css */; };
		E5790AE42F878C1300D494E0 /* Style.css in Resources */ = {isa = PBXBuildFile; fileRef = E5790AA72F878C1200D494E0 /* Style.css */; };
		E5790AE52F878C1300D494E0 /* Script.js in Resources */ = {isa = PBXBuildFile; fileRef = E5790AA82F878C1200D494E0 /* Script.js */; };
		E5790AE62F878C1300D494E0 /* Script.js in Resources */ = {isa = PBXBuildFile; fileRef = E5790AA82F878C1200D494E0 /* Script.js */; };
		E5790AE72F878C1300D494E0 /* ViewController.swift in Sources */ = {isa = PBXBuildFile; fileRef = E5790AA92F878C1200D494E0 /* ViewController.swift */; };
		E5790AE82F878C1300D494E0 /* ViewController.swift in Sources */ = {isa = PBXBuildFile; fileRef = E5790AA92F878C1200D494E0 /* ViewController.swift */; };
		E5790AE92F878C1300D494E0 /* Assets.xcassets in Resources */ = {isa = PBXBuildFile; fileRef = E5790AAA2F878C1300D494E0 /* Assets.xcassets */; };
		E5790AEA2F878C1300D494E0 /* Assets.xcassets in Resources */ = {isa = PBXBuildFile; fileRef = E5790AAA2F878C1300D494E0 /* Assets.xcassets */; };
		E5790AEB2F878C1300D494E0 /* SafariWebExtensionHandler.swift in Sources */ = {isa = PBXBuildFile; fileRef = E5790AAC2F878C1300D494E0 /* SafariWebExtensionHandler.swift */; };
		E5790AEC2F878C1300D494E0 /* SafariWebExtensionHandler.swift in Sources */ = {isa = PBXBuildFile; fileRef = E5790AAC2F878C1300D494E0 /* SafariWebExtensionHandler.swift */; };
		E5790B0C2F878C1300D494E0 /* content-script.css in Resources */ = {isa = PBXBuildFile; fileRef = E5790AFE2F878C1300D494E0 /* content-script.css */; };
		E5790B0D2F878C1300D494E0 /* favicon.ico in Resources */ = {isa = PBXBuildFile; fileRef = E5790AFF2F878C1300D494E0 /* favicon.ico */; };
		E5790B0E2F878C1300D494E0 /* background.js in Resources */ = {isa = PBXBuildFile; fileRef = E5790B002F878C1300D494E0 /* background.js */; };
		E5790B0F2F878C1300D494E0 /* images in Resources */ = {isa = PBXBuildFile; fileRef = E5790B012F878C1300D494E0 /* images */; };
		E5790B102F878C1300D494E0 /* options.js in Resources */ = {isa = PBXBuildFile; fileRef = E5790B022F878C1300D494E0 /* options.js */; };
		E5790B112F878C1300D494E0 /* wasm in Resources */ = {isa = PBXBuildFile; fileRef = E5790B032F878C1300D494E0 /* wasm */; };
		E5790B122F878C1300D494E0 /* viewer.html in Resources */ = {isa = PBXBuildFile; fileRef = E5790B042F878C1300D494E0 /* viewer.html */; };
		E5790B132F878C1300D494E0 /* icons in Resources */ = {isa = PBXBuildFile; fileRef = E5790B052F878C1300D494E0 /* icons */; };
		E5790B142F878C1300D494E0 /* manifest.json in Resources */ = {isa = PBXBuildFile; fileRef = E5790B062F878C1300D494E0 /* manifest.json */; };
		E5790B152F878C1300D494E0 /* content-script.js in Resources */ = {isa = PBXBuildFile; fileRef = E5790B072F878C1300D494E0 /* content-script.js */; };
		E5790B162F878C1300D494E0 /* options.html in Resources */ = {isa = PBXBuildFile; fileRef = E5790B082F878C1300D494E0 /* options.html */; };
		E5790B172F878C1300D494E0 /* _locales in Resources */ = {isa = PBXBuildFile; fileRef = E5790B092F878C1300D494E0 /* _locales */; };
		E5790B182F878C1300D494E0 /* fonts in Resources */ = {isa = PBXBuildFile; fileRef = E5790B0A2F878C1300D494E0 /* fonts */; };
		E5790B192F878C1300D494E0 /* assets in Resources */ = {isa = PBXBuildFile; fileRef = E5790B0B2F878C1300D494E0 /* assets */; };
		E5790B1A2F878C1300D494E0 /* content-script.css in Resources */ = {isa = PBXBuildFile; fileRef = E5790AFE2F878C1300D494E0 /* content-script.css */; };
		E5790B1B2F878C1300D494E0 /* favicon.ico in Resources */ = {isa = PBXBuildFile; fileRef = E5790AFF2F878C1300D494E0 /* favicon.ico */; };
		E5790B1C2F878C1300D494E0 /* background.js in Resources */ = {isa = PBXBuildFile; fileRef = E5790B002F878C1300D494E0 /* background.js */; };
		E5790B1D2F878C1300D494E0 /* images in Resources */ = {isa = PBXBuildFile; fileRef = E5790B012F878C1300D494E0 /* images */; };
		E5790B1E2F878C1300D494E0 /* options.js in Resources */ = {isa = PBXBuildFile; fileRef = E5790B022F878C1300D494E0 /* options.js */; };
		E5790B1F2F878C1300D494E0 /* wasm in Resources */ = {isa = PBXBuildFile; fileRef = E5790B032F878C1300D494E0 /* wasm */; };
		E5790B202F878C1300D494E0 /* viewer.html in Resources */ = {isa = PBXBuildFile; fileRef = E5790B042F878C1300D494E0 /* viewer.html */; };
		E5790B212F878C1300D494E0 /* icons in Resources */ = {isa = PBXBuildFile; fileRef = E5790B052F878C1300D494E0 /* icons */; };
		E5790B222F878C1300D494E0 /* manifest.json in Resources */ = {isa = PBXBuildFile; fileRef = E5790B062F878C1300D494E0 /* manifest.json */; };
		E5790B232F878C1300D494E0 /* content-script.js in Resources */ = {isa = PBXBuildFile; fileRef = E5790B072F878C1300D494E0 /* content-script.js */; };
		E5790B242F878C1300D494E0 /* options.html in Resources */ = {isa = PBXBuildFile; fileRef = E5790B082F878C1300D494E0 /* options.html */; };
		E5790B252F878C1300D494E0 /* _locales in Resources */ = {isa = PBXBuildFile; fileRef = E5790B092F878C1300D494E0 /* _locales */; };
		E5790B262F878C1300D494E0 /* fonts in Resources */ = {isa = PBXBuildFile; fileRef = E5790B0A2F878C1300D494E0 /* fonts */; };
		E5790B272F878C1300D494E0 /* assets in Resources */ = {isa = PBXBuildFile; fileRef = E5790B0B2F878C1300D494E0 /* assets */; };
/* End PBXBuildFile section */

/* Begin PBXContainerItemProxy section */
		E5790AD12F878C1300D494E0 /* PBXContainerItemProxy */ = {
			isa = PBXContainerItemProxy;
			containerPortal = E5790A9E2F878C1200D494E0 /* Project object */;
			proxyType = 1;
			remoteGlobalIDString = E5790ACE2F878C1300D494E0;
			remoteInfo = "HWP Viewer Extension (iOS)";
		};
		E5790ADB2F878C1300D494E0 /* PBXContainerItemProxy */ = {
			isa = PBXContainerItemProxy;
			containerPortal = E5790A9E2F878C1200D494E0 /* Project object */;
			proxyType = 1;
			remoteGlobalIDString = E5790AD82F878C1300D494E0;
			remoteInfo = "HWP Viewer Extension (macOS)";
		};
/* End PBXContainerItemProxy section */

/* Begin PBXCopyFilesBuildPhase section */
		E5790AF22F878C1300D494E0 /* Embed Foundation Extensions */ = {
			isa = PBXCopyFilesBuildPhase;
			buildActionMask = 2147483647;
			dstPath = "";
			dstSubfolderSpec = 13;
			files = (
				E5790AD02F878C1300D494E0 /* HWP Viewer Extension.appex in Embed Foundation Extensions */,
			);
			name = "Embed Foundation Extensions";
			runOnlyForDeploymentPostprocessing = 0;
		};
		E5790AF92F878C1300D494E0 /* Embed Foundation Extensions */ = {
			isa = PBXCopyFilesBuildPhase;
			buildActionMask = 2147483647;
			dstPath = "";
			dstSubfolderSpec = 13;
			files = (
				E5790ADA2F878C1300D494E0 /* HWP Viewer Extension.appex in Embed Foundation Extensions */,
			);
			name = "Embed Foundation Extensions";
			runOnlyForDeploymentPostprocessing = 0;
		};
/* End PBXCopyFilesBuildPhase section */

/* Begin PBXFileReference section */
		E5790AA52F878C1200D494E0 /* Base */ = {isa = PBXFileReference; lastKnownFileType = text.html; name = Base; path = Base.lproj/Main.html; sourceTree = "<group>"; };
		E5790AA62F878C1200D494E0 /* Icon.png */ = {isa = PBXFileReference; lastKnownFileType = image.png; path = Icon.png; sourceTree = "<group>"; };
		E5790AA72F878C1200D494E0 /* Style.css */ = {isa = PBXFileReference; lastKnownFileType = text.css; path = Style.css; sourceTree = "<group>"; };
		E5790AA82F878C1200D494E0 /* Script.js */ = {isa = PBXFileReference; lastKnownFileType = sourcecode.javascript; path = Script.js; sourceTree = "<group>"; };
		E5790AA92F878C1200D494E0 /* ViewController.swift */ = {isa = PBXFileReference; lastKnownFileType = sourcecode.swift; path = ViewController.swift; sourceTree = "<group>"; };
		E5790AAA2F878C1300D494E0 /* Assets.xcassets */ = {isa = PBXFileReference; lastKnownFileType = folder.assetcatalog; path = Assets.xcassets; sourceTree = "<group>"; };
		E5790AAC2F878C1300D494E0 /* SafariWebExtensionHandler.swift */ = {isa = PBXFileReference; lastKnownFileType = sourcecode.swift; path = SafariWebExtensionHandler.swift; sourceTree = "<group>"; };
		E5790AB12F878C1300D494E0 /* HWP Viewer.app */ = {isa = PBXFileReference; explicitFileType = wrapper.application; includeInIndex = 0; path = "HWP Viewer.app"; sourceTree = BUILT_PRODUCTS_DIR; };
		E5790AB42F878C1300D494E0 /* AppDelegate.swift */ = {isa = PBXFileReference; lastKnownFileType = sourcecode.swift; path = AppDelegate.swift; sourceTree = "<group>"; };
		E5790AB62F878C1300D494E0 /* SceneDelegate.swift */ = {isa = PBXFileReference; lastKnownFileType = sourcecode.swift; path = SceneDelegate.swift; sourceTree = "<group>"; };
		E5790AB92F878C1300D494E0 /* Base */ = {isa = PBXFileReference; lastKnownFileType = file.storyboard; name = Base; path = Base.lproj/LaunchScreen.storyboard; sourceTree = "<group>"; };
		E5790ABC2F878C1300D494E0 /* Base */ = {isa = PBXFileReference; lastKnownFileType = file.storyboard; name = Base; path = Base.lproj/Main.storyboard; sourceTree = "<group>"; };
		E5790ABE2F878C1300D494E0 /* Info.plist */ = {isa = PBXFileReference; lastKnownFileType = text.plist.xml; path = Info.plist; sourceTree = "<group>"; };
		E5790AC32F878C1300D494E0 /* HWP Viewer.app */ = {isa = PBXFileReference; explicitFileType = wrapper.application; includeInIndex = 0; path = "HWP Viewer.app"; sourceTree = BUILT_PRODUCTS_DIR; };
		E5790AC52F878C1300D494E0 /* AppDelegate.swift */ = {isa = PBXFileReference; lastKnownFileType = sourcecode.swift; path = AppDelegate.swift; sourceTree = "<group>"; };
		E5790AC82F878C1300D494E0 /* Base */ = {isa = PBXFileReference; lastKnownFileType = file.storyboard; name = Base; path = Base.lproj/Main.storyboard; sourceTree = "<group>"; };
		E5790ACA2F878C1300D494E0 /* Info.plist */ = {isa = PBXFileReference; lastKnownFileType = text.plist.xml; path = Info.plist; sourceTree = "<group>"; };
		E5790ACF2F878C1300D494E0 /* HWP Viewer Extension.appex */ = {isa = PBXFileReference; explicitFileType = "wrapper.app-extension"; includeInIndex = 0; path = "HWP Viewer Extension.appex"; sourceTree = BUILT_PRODUCTS_DIR; };
		E5790AD42F878C1300D494E0 /* Info.plist */ = {isa = PBXFileReference; lastKnownFileType = text.plist.xml; path = Info.plist; sourceTree = "<group>"; };
		E5790AD92F878C1300D494E0 /* HWP Viewer Extension.appex */ = {isa = PBXFileReference; explicitFileType = "wrapper.app-extension"; includeInIndex = 0; path = "HWP Viewer Extension.appex"; sourceTree = BUILT_PRODUCTS_DIR; };
		E5790ADE2F878C1300D494E0 /* Info.plist */ = {isa = PBXFileReference; lastKnownFileType = text.plist.xml; path = Info.plist; sourceTree = "<group>"; };
		E5790AFE2F878C1300D494E0 /* content-script.css */ = {isa = PBXFileReference; lastKnownFileType = text.css; name = "content-script.css"; path = "../../dist/content-script.css"; sourceTree = "<group>"; };
		E5790AFF2F878C1300D494E0 /* favicon.ico */ = {isa = PBXFileReference; lastKnownFileType = image.ico; name = favicon.ico; path = ../../dist/favicon.ico; sourceTree = "<group>"; };
		E5790B002F878C1300D494E0 /* background.js */ = {isa = PBXFileReference; lastKnownFileType = sourcecode.javascript; name = background.js; path = ../../dist/background.js; sourceTree = "<group>"; };
		E5790B012F878C1300D494E0 /* images */ = {isa = PBXFileReference; lastKnownFileType = folder; name = images; path = ../../dist/images; sourceTree = "<group>"; };
		E5790B022F878C1300D494E0 /* options.js */ = {isa = PBXFileReference; lastKnownFileType = sourcecode.javascript; name = options.js; path = ../../dist/options.js; sourceTree = "<group>"; };
		E5790B032F878C1300D494E0 /* wasm */ = {isa = PBXFileReference; lastKnownFileType = folder; name = wasm; path = ../../dist/wasm; sourceTree = "<group>"; };
		E5790B042F878C1300D494E0 /* viewer.html */ = {isa = PBXFileReference; lastKnownFileType = text.html; name = viewer.html; path = ../../dist/viewer.html; sourceTree = "<group>"; };
		E5790B052F878C1300D494E0 /* icons */ = {isa = PBXFileReference; lastKnownFileType = folder; name = icons; path = ../../dist/icons; sourceTree = "<group>"; };
		E5790B062F878C1300D494E0 /* manifest.json */ = {isa = PBXFileReference; lastKnownFileType = text.json; name = manifest.json; path = ../../dist/manifest.json; sourceTree = "<group>"; };
		E5790B072F878C1300D494E0 /* content-script.js */ = {isa = PBXFileReference; lastKnownFileType = sourcecode.javascript; name = "content-script.js"; path = "../../dist/content-script.js"; sourceTree = "<group>"; };
		E5790B082F878C1300D494E0 /* options.html */ = {isa = PBXFileReference; lastKnownFileType = text.html; name = options.html; path = ../../dist/options.html; sourceTree = "<group>"; };
		E5790B092F878C1300D494E0 /* _locales */ = {isa = PBXFileReference; lastKnownFileType = folder; name = _locales; path = ../../dist/_locales; sourceTree = "<group>"; };
		E5790B0A2F878C1300D494E0 /* fonts */ = {isa = PBXFileReference; lastKnownFileType = folder; name = fonts; path = ../../dist/fonts; sourceTree = "<group>"; };
		E5790B0B2F878C1300D494E0 /* assets */ = {isa = PBXFileReference; lastKnownFileType = folder; name = assets; path = ../../dist/assets; sourceTree = "<group>"; };
/* End PBXFileReference section */

/* Begin PBXFrameworksBuildPhase section */
		E5790AAE2F878C1300D494E0 /* Frameworks */ = {
			isa = PBXFrameworksBuildPhase;
			buildActionMask = 2147483647;
			files = (
			);
			runOnlyForDeploymentPostprocessing = 0;
		};
		E5790AC02F878C1300D494E0 /* Frameworks */ = {
			isa = PBXFrameworksBuildPhase;
			buildActionMask = 2147483647;
			files = (
			);
			runOnlyForDeploymentPostprocessing = 0;
		};
		E5790ACC2F878C1300D494E0 /* Frameworks */ = {
			isa = PBXFrameworksBuildPhase;
			buildActionMask = 2147483647;
			files = (
			);
			runOnlyForDeploymentPostprocessing = 0;
		};
		E5790AD62F878C1300D494E0 /* Frameworks */ = {
			isa = PBXFrameworksBuildPhase;
			buildActionMask = 2147483647;
			files = (
			);
			runOnlyForDeploymentPostprocessing = 0;
		};
/* End PBXFrameworksBuildPhase section */

/* Begin PBXGroup section */
		E5790A9D2F878C1200D494E0 = {
			isa = PBXGroup;
			children = (
				E5790AA22F878C1200D494E0 /* Shared (App) */,
				E5790AAB2F878C1300D494E0 /* Shared (Extension) */,
				E5790AB32F878C1300D494E0 /* iOS (App) */,
				E5790AC42F878C1300D494E0 /* macOS (App) */,
				E5790AD32F878C1300D494E0 /* iOS (Extension) */,
				E5790ADD2F878C1300D494E0 /* macOS (Extension) */,
				E5790AB22F878C1300D494E0 /* Products */,
			);
			sourceTree = "<group>";
		};
		E5790AA22F878C1200D494E0 /* Shared (App) */ = {
			isa = PBXGroup;
			children = (
				E5790AA92F878C1200D494E0 /* ViewController.swift */,
				E5790AAA2F878C1300D494E0 /* Assets.xcassets */,
				E5790AA32F878C1200D494E0 /* Resources */,
			);
			path = "Shared (App)";
			sourceTree = "<group>";
		};
		E5790AA32F878C1200D494E0 /* Resources */ = {
			isa = PBXGroup;
			children = (
				E5790AA42F878C1200D494E0 /* Main.html */,
				E5790AA62F878C1200D494E0 /* Icon.png */,
				E5790AA72F878C1200D494E0 /* Style.css */,
				E5790AA82F878C1200D494E0 /* Script.js */,
			);
			path = Resources;
			sourceTree = "<group>";
		};
		E5790AAB2F878C1300D494E0 /* Shared (Extension) */ = {
			isa = PBXGroup;
			children = (
				E5790AFD2F878C1300D494E0 /* Resources */,
				E5790AAC2F878C1300D494E0 /* SafariWebExtensionHandler.swift */,
			);
			path = "Shared (Extension)";
			sourceTree = "<group>";
		};
		E5790AB22F878C1300D494E0 /* Products */ = {
			isa = PBXGroup;
			children = (
				E5790AB12F878C1300D494E0 /* HWP Viewer.app */,
				E5790AC32F878C1300D494E0 /* HWP Viewer.app */,
				E5790ACF2F878C1300D494E0 /* HWP Viewer Extension.appex */,
				E5790AD92F878C1300D494E0 /* HWP Viewer Extension.appex */,
			);
			name = Products;
			sourceTree = "<group>";
		};
		E5790AB32F878C1300D494E0 /* iOS (App) */ = {
			isa = PBXGroup;
			children = (
				E5790AB42F878C1300D494E0 /* AppDelegate.swift */,
				E5790AB62F878C1300D494E0 /* SceneDelegate.swift */,
				E5790AB82F878C1300D494E0 /* LaunchScreen.storyboard */,
				E5790ABB2F878C1300D494E0 /* Main.storyboard */,
				E5790ABE2F878C1300D494E0 /* Info.plist */,
			);
			path = "iOS (App)";
			sourceTree = "<group>";
		};
		E5790AC42F878C1300D494E0 /* macOS (App) */ = {
			isa = PBXGroup;
			children = (
				E5790AC52F878C1300D494E0 /* AppDelegate.swift */,
				E5790AC72F878C1300D494E0 /* Main.storyboard */,
				E5790ACA2F878C1300D494E0 /* Info.plist */,
			);
			path = "macOS (App)";
			sourceTree = "<group>";
		};
		E5790AD32F878C1300D494E0 /* iOS (Extension) */ = {
			isa = PBXGroup;
			children = (
				E5790AD42F878C1300D494E0 /* Info.plist */,
			);
			path = "iOS (Extension)";
			sourceTree = "<group>";
		};
		E5790ADD2F878C1300D494E0 /* macOS (Extension) */ = {
			isa = PBXGroup;
			children = (
				E5790ADE2F878C1300D494E0 /* Info.plist */,
			);
			path = "macOS (Extension)";
			sourceTree = "<group>";
		};
		E5790AFD2F878C1300D494E0 /* Resources */ = {
			isa = PBXGroup;
			children = (
				E5790AFE2F878C1300D494E0 /* content-script.css */,
				E5790AFF2F878C1300D494E0 /* favicon.ico */,
				E5790B002F878C1300D494E0 /* background.js */,
				E5790B012F878C1300D494E0 /* images */,
				E5790B022F878C1300D494E0 /* options.js */,
				E5790B032F878C1300D494E0 /* wasm */,
				E5790B042F878C1300D494E0 /* viewer.html */,
				E5790B052F878C1300D494E0 /* icons */,
				E5790B062F878C1300D494E0 /* manifest.json */,
				E5790B072F878C1300D494E0 /* content-script.js */,
				E5790B082F878C1300D494E0 /* options.html */,
				E5790B092F878C1300D494E0 /* _locales */,
				E5790B0A2F878C1300D494E0 /* fonts */,
				E5790B0B2F878C1300D494E0 /* assets */,
			);
			name = Resources;
			path = "Shared (Extension)";
			sourceTree = SOURCE_ROOT;
		};
/* End PBXGroup section */

/* Begin PBXNativeTarget section */
		E5790AB02F878C1300D494E0 /* HWP Viewer (iOS) */ = {
			isa = PBXNativeTarget;
			buildConfigurationList = E5790AF32F878C1300D494E0 /* Build configuration list for PBXNativeTarget "HWP Viewer (iOS)" */;
			buildPhases = (
				E5790AAD2F878C1300D494E0 /* Sources */,
				E5790AAE2F878C1300D494E0 /* Frameworks */,
				E5790AAF2F878C1300D494E0 /* Resources */,
				E5790AF22F878C1300D494E0 /* Embed Foundation Extensions */,
			);
			buildRules = (
			);
			dependencies = (
				E5790AD22F878C1300D494E0 /* PBXTargetDependency */,
			);
			name = "HWP Viewer (iOS)";
			packageProductDependencies = (
			);
			productName = "HWP Viewer (iOS)";
			productReference = E5790AB12F878C1300D494E0 /* HWP Viewer.app */;
			productType = "com.apple.product-type.application";
		};
		E5790AC22F878C1300D494E0 /* HWP Viewer (macOS) */ = {
			isa = PBXNativeTarget;
			buildConfigurationList = E5790AFA2F878C1300D494E0 /* Build configuration list for PBXNativeTarget "HWP Viewer (macOS)" */;
			buildPhases = (
				E5790ABF2F878C1300D494E0 /* Sources */,
				E5790AC02F878C1300D494E0 /* Frameworks */,
				E5790AC12F878C1300D494E0 /* Resources */,
				E5790AF92F878C1300D494E0 /* Embed Foundation Extensions */,
			);
			buildRules = (
			);
			dependencies = (
				E5790ADC2F878C1300D494E0 /* PBXTargetDependency */,
			);
			name = "HWP Viewer (macOS)";
			packageProductDependencies = (
			);
			productName = "HWP Viewer (macOS)";
			productReference = E5790AC32F878C1300D494E0 /* HWP Viewer.app */;
			productType = "com.apple.product-type.application";
		};
		E5790ACE2F878C1300D494E0 /* HWP Viewer Extension (iOS) */ = {
			isa = PBXNativeTarget;
			buildConfigurationList = E5790AEF2F878C1300D494E0 /* Build configuration list for PBXNativeTarget "HWP Viewer Extension (iOS)" */;
			buildPhases = (
				E5790ACB2F878C1300D494E0 /* Sources */,
				E5790ACC2F878C1300D494E0 /* Frameworks */,
				E5790ACD2F878C1300D494E0 /* Resources */,
			);
			buildRules = (
			);
			dependencies = (
			);
			name = "HWP Viewer Extension (iOS)";
			packageProductDependencies = (
			);
			productName = "HWP Viewer Extension (iOS)";
			productReference = E5790ACF2F878C1300D494E0 /* HWP Viewer Extension.appex */;
			productType = "com.apple.product-type.app-extension";
		};
		E5790AD82F878C1300D494E0 /* HWP Viewer Extension (macOS) */ = {
			isa = PBXNativeTarget;
			buildConfigurationList = E5790AF62F878C1300D494E0 /* Build configuration list for PBXNativeTarget "HWP Viewer Extension (macOS)" */;
			buildPhases = (
				E5790AD52F878C1300D494E0 /* Sources */,
				E5790AD62F878C1300D494E0 /* Frameworks */,
				E5790AD72F878C1300D494E0 /* Resources */,
			);
			buildRules = (
			);
			dependencies = (
			);
			name = "HWP Viewer Extension (macOS)";
			packageProductDependencies = (
			);
			productName = "HWP Viewer Extension (macOS)";
			productReference = E5790AD92F878C1300D494E0 /* HWP Viewer Extension.appex */;
			productType = "com.apple.product-type.app-extension";
		};
/* End PBXNativeTarget section */

/* Begin PBXProject section */
		E5790A9E2F878C1200D494E0 /* Project object */ = {
			isa = PBXProject;
			attributes = {
				BuildIndependentTargetsInParallel = 1;
				LastSwiftUpdateCheck = 2640;
				LastUpgradeCheck = 2640;
				TargetAttributes = {
					E5790AB02F878C1300D494E0 = {
						CreatedOnToolsVersion = 26.4;
					};
					E5790AC22F878C1300D494E0 = {
						CreatedOnToolsVersion = 26.4;
					};
					E5790ACE2F878C1300D494E0 = {
						CreatedOnToolsVersion = 26.4;
					};
					E5790AD82F878C1300D494E0 = {
						CreatedOnToolsVersion = 26.4;
					};
				};
			};
			buildConfigurationList = E5790AA12F878C1200D494E0 /* Build configuration list for PBXProject "HWP Viewer" */;
			developmentRegion = en;
			hasScannedForEncodings = 0;
			knownRegions = (
				en,
				Base,
			);
			mainGroup = E5790A9D2F878C1200D494E0;
			minimizedProjectReferenceProxies = 1;
			preferredProjectObjectVersion = 77;
			productRefGroup = E5790AB22F878C1300D494E0 /* Products */;
			projectDirPath = "";
			projectRoot = "";
			targets = (
				E5790AB02F878C1300D494E0 /* HWP Viewer (iOS) */,
				E5790AC22F878C1300D494E0 /* HWP Viewer (macOS) */,
				E5790ACE2F878C1300D494E0 /* HWP Viewer Extension (iOS) */,
				E5790AD82F878C1300D494E0 /* HWP Viewer Extension (macOS) */,
			);
		};
/* End PBXProject section */

/* Begin PBXResourcesBuildPhase section */
		E5790AAF2F878C1300D494E0 /* Resources */ = {
			isa = PBXResourcesBuildPhase;
			buildActionMask = 2147483647;
			files = (
				E5790AE12F878C1300D494E0 /* Icon.png in Resources */,
				E5790ABA2F878C1300D494E0 /* LaunchScreen.storyboard in Resources */,
				E5790ADF2F878C1300D494E0 /* Main.html in Resources */,
				E5790AE52F878C1300D494E0 /* Script.js in Resources */,
				E5790AE92F878C1300D494E0 /* Assets.xcassets in Resources */,
				E5790ABD2F878C1300D494E0 /* Main.storyboard in Resources */,
				E5790AE32F878C1300D494E0 /* Style.css in Resources */,
			);
			runOnlyForDeploymentPostprocessing = 0;
		};
		E5790AC12F878C1300D494E0 /* Resources */ = {
			isa = PBXResourcesBuildPhase;
			buildActionMask = 2147483647;
			files = (
				E5790AE22F878C1300D494E0 /* Icon.png in Resources */,
				E5790AE42F878C1300D494E0 /* Style.css in Resources */,
				E5790AC92F878C1300D494E0 /* Main.storyboard in Resources */,
				E5790AE62F878C1300D494E0 /* Script.js in Resources */,
				E5790AEA2F878C1300D494E0 /* Assets.xcassets in Resources */,
				E5790AE02F878C1300D494E0 /* Main.html in Resources */,
			);
			runOnlyForDeploymentPostprocessing = 0;
		};
		E5790ACD2F878C1300D494E0 /* Resources */ = {
			isa = PBXResourcesBuildPhase;
			buildActionMask = 2147483647;
			files = (
				E5790B1D2F878C1300D494E0 /* images in Resources */,
				E5790B262F878C1300D494E0 /* fonts in Resources */,
				E5790B212F878C1300D494E0 /* icons in Resources */,
				E5790B1B2F878C1300D494E0 /* favicon.ico in Resources */,
				E5790B1C2F878C1300D494E0 /* background.js in Resources */,
				E5790B242F878C1300D494E0 /* options.html in Resources */,
				E5790B222F878C1300D494E0 /* manifest.json in Resources */,
				E5790B252F878C1300D494E0 /* _locales in Resources */,
				E5790B232F878C1300D494E0 /* content-script.js in Resources */,
				E5790B272F878C1300D494E0 /* assets in Resources */,
				E5790B1A2F878C1300D494E0 /* content-script.css in Resources */,
				E5790B1F2F878C1300D494E0 /* wasm in Resources */,
				E5790B202F878C1300D494E0 /* viewer.html in Resources */,
				E5790B1E2F878C1300D494E0 /* options.js in Resources */,
			);
			runOnlyForDeploymentPostprocessing = 0;
		};
		E5790AD72F878C1300D494E0 /* Resources */ = {
			isa = PBXResourcesBuildPhase;
			buildActionMask = 2147483647;
			files = (
				E5790B0F2F878C1300D494E0 /* images in Resources */,
				E5790B182F878C1300D494E0 /* fonts in Resources */,
				E5790B132F878C1300D494E0 /* icons in Resources */,
				E5790B0D2F878C1300D494E0 /* favicon.ico in Resources */,
				E5790B0E2F878C1300D494E0 /* background.js in Resources */,
				E5790B162F878C1300D494E0 /* options.html in Resources */,
				E5790B142F878C1300D494E0 /* manifest.json in Resources */,
				E5790B172F878C1300D494E0 /* _locales in Resources */,
				E5790B152F878C1300D494E0 /* content-script.js in Resources */,
				E5790B192F878C1300D494E0 /* assets in Resources */,
				E5790B0C2F878C1300D494E0 /* content-script.css in Resources */,
				E5790B112F878C1300D494E0 /* wasm in Resources */,
				E5790B122F878C1300D494E0 /* viewer.html in Resources */,
				E5790B102F878C1300D494E0 /* options.js in Resources */,
			);
			runOnlyForDeploymentPostprocessing = 0;
		};
/* End PBXResourcesBuildPhase section */

/* Begin PBXSourcesBuildPhase section */
		E5790AAD2F878C1300D494E0 /* Sources */ = {
			isa = PBXSourcesBuildPhase;
			buildActionMask = 2147483647;
			files = (
				E5790AE72F878C1300D494E0 /* ViewController.swift in Sources */,
				E5790AB52F878C1300D494E0 /* AppDelegate.swift in Sources */,
				E5790AB72F878C1300D494E0 /* SceneDelegate.swift in Sources */,
			);
			runOnlyForDeploymentPostprocessing = 0;
		};
		E5790ABF2F878C1300D494E0 /* Sources */ = {
			isa = PBXSourcesBuildPhase;
			buildActionMask = 2147483647;
			files = (
				E5790AE82F878C1300D494E0 /* ViewController.swift in Sources */,
				E5790AC62F878C1300D494E0 /* AppDelegate.swift in Sources */,
			);
			runOnlyForDeploymentPostprocessing = 0;
		};
		E5790ACB2F878C1300D494E0 /* Sources */ = {
			isa = PBXSourcesBuildPhase;
			buildActionMask = 2147483647;
			files = (
				E5790AEB2F878C1300D494E0 /* SafariWebExtensionHandler.swift in Sources */,
			);
			runOnlyForDeploymentPostprocessing = 0;
		};
		E5790AD52F878C1300D494E0 /* Sources */ = {
			isa = PBXSourcesBuildPhase;
			buildActionMask = 2147483647;
			files = (
				E5790AEC2F878C1300D494E0 /* SafariWebExtensionHandler.swift in Sources */,
			);
			runOnlyForDeploymentPostprocessing = 0;
		};
/* End PBXSourcesBuildPhase section */

/* Begin PBXTargetDependency section */
		E5790AD22F878C1300D494E0 /* PBXTargetDependency */ = {
			isa = PBXTargetDependency;
			target = E5790ACE2F878C1300D494E0 /* HWP Viewer Extension (iOS) */;
			targetProxy = E5790AD12F878C1300D494E0 /* PBXContainerItemProxy */;
		};
		E5790ADC2F878C1300D494E0 /* PBXTargetDependency */ = {
			isa = PBXTargetDependency;
			target = E5790AD82F878C1300D494E0 /* HWP Viewer Extension (macOS) */;
			targetProxy = E5790ADB2F878C1300D494E0 /* PBXContainerItemProxy */;
		};
/* End PBXTargetDependency section */

/* Begin PBXVariantGroup section */
		E5790AA42F878C1200D494E0 /* Main.html */ = {
			isa = PBXVariantGroup;
			children = (
				E5790AA52F878C1200D494E0 /* Base */,
			);
			name = Main.html;
			sourceTree = "<group>";
		};
		E5790AB82F878C1300D494E0 /* LaunchScreen.storyboard */ = {
			isa = PBXVariantGroup;
			children = (
				E5790AB92F878C1300D494E0 /* Base */,
			);
			name = LaunchScreen.storyboard;
			sourceTree = "<group>";
		};
		E5790ABB2F878C1300D494E0 /* Main.storyboard */ = {
			isa = PBXVariantGroup;
			children = (
				E5790ABC2F878C1300D494E0 /* Base */,
			);
			name = Main.storyboard;
			sourceTree = "<group>";
		};
		E5790AC72F878C1300D494E0 /* Main.storyboard */ = {
			isa = PBXVariantGroup;
			children = (
				E5790AC82F878C1300D494E0 /* Base */,
			);
			name = Main.storyboard;
			sourceTree = "<group>";
		};
/* End PBXVariantGroup section */

/* Begin XCBuildConfiguration section */
		E5790AED2F878C1300D494E0 /* Debug */ = {
			isa = XCBuildConfiguration;
			buildSettings = {
				ALWAYS_SEARCH_USER_PATHS = NO;
				ASSETCATALOG_COMPILER_GENERATE_SWIFT_ASSET_SYMBOL_EXTENSIONS = YES;
				CLANG_ANALYZER_NONNULL = YES;
				CLANG_ANALYZER_NUMBER_OBJECT_CONVERSION = YES_AGGRESSIVE;
				CLANG_CXX_LANGUAGE_STANDARD = "gnu++20";
				CLANG_ENABLE_MODULES = YES;
				CLANG_ENABLE_OBJC_ARC = YES;
				CLANG_ENABLE_OBJC_WEAK = YES;
				CLANG_WARN_BLOCK_CAPTURE_AUTORELEASING = YES;
				CLANG_WARN_BOOL_CONVERSION = YES;
				CLANG_WARN_COMMA = YES;
				CLANG_WARN_CONSTANT_CONVERSION = YES;
				CLANG_WARN_DEPRECATED_OBJC_IMPLEMENTATIONS = YES;
				CLANG_WARN_DIRECT_OBJC_ISA_USAGE = YES_ERROR;
				CLANG_WARN_DOCUMENTATION_COMMENTS = YES;
				CLANG_WARN_EMPTY_BODY = YES;
				CLANG_WARN_ENUM_CONVERSION = YES;
				CLANG_WARN_INFINITE_RECURSION = YES;
				CLANG_WARN_INT_CONVERSION = YES;
				CLANG_WARN_NON_LITERAL_NULL_CONVERSION = YES;
				CLANG_WARN_OBJC_IMPLICIT_RETAIN_SELF = YES;
				CLANG_WARN_OBJC_LITERAL_CONVERSION = YES;
				CLANG_WARN_OBJC_ROOT_CLASS = YES_ERROR;
				CLANG_WARN_QUOTED_INCLUDE_IN_FRAMEWORK_HEADER = YES;
				CLANG_WARN_RANGE_LOOP_ANALYSIS = YES;
				CLANG_WARN_STRICT_PROTOTYPES = YES;
				CLANG_WARN_SUSPICIOUS_MOVE = YES;
				CLANG_WARN_UNGUARDED_AVAILABILITY = YES_AGGRESSIVE;
				CLANG_WARN_UNREACHABLE_CODE = YES;
				CLANG_WARN__DUPLICATE_METHOD_MATCH = YES;
				COPY_PHASE_STRIP = NO;
				DEBUG_INFORMATION_FORMAT = dwarf;
				ENABLE_STRICT_OBJC_MSGSEND = YES;
				ENABLE_TESTABILITY = YES;
				ENABLE_USER_SCRIPT_SANDBOXING = YES;
				GCC_C_LANGUAGE_STANDARD = gnu17;
				GCC_DYNAMIC_NO_PIC = NO;
				GCC_NO_COMMON_BLOCKS = YES;
				GCC_OPTIMIZATION_LEVEL = 0;
				GCC_PREPROCESSOR_DEFINITIONS = (
					"DEBUG=1",
					"$(inherited)",
				);
				GCC_WARN_64_TO_32_BIT_CONVERSION = YES;
				GCC_WARN_ABOUT_RETURN_TYPE = YES_ERROR;
				GCC_WARN_UNDECLARED_SELECTOR = YES;
				GCC_WARN_UNINITIALIZED_AUTOS = YES_AGGRESSIVE;
				GCC_WARN_UNUSED_FUNCTION = YES;
				GCC_WARN_UNUSED_VARIABLE = YES;
				LOCALIZATION_PREFERS_STRING_CATALOGS = YES;
				MTL_ENABLE_DEBUG_INFO = INCLUDE_SOURCE;
				MTL_FAST_MATH = YES;
				ONLY_ACTIVE_ARCH = YES;
				SWIFT_ACTIVE_COMPILATION_CONDITIONS = "DEBUG $(inherited)";
				SWIFT_OPTIMIZATION_LEVEL = "-Onone";
			};
			name = Debug;
		};
		E5790AEE2F878C1300D494E0 /* Release */ = {
			isa = XCBuildConfiguration;
			buildSettings = {
				ALWAYS_SEARCH_USER_PATHS = NO;
				ASSETCATALOG_COMPILER_GENERATE_SWIFT_ASSET_SYMBOL_EXTENSIONS = YES;
				CLANG_ANALYZER_NONNULL = YES;
				CLANG_ANALYZER_NUMBER_OBJECT_CONVERSION = YES_AGGRESSIVE;
				CLANG_CXX_LANGUAGE_STANDARD = "gnu++20";
				CLANG_ENABLE_MODULES = YES;
				CLANG_ENABLE_OBJC_ARC = YES;
				CLANG_ENABLE_OBJC_WEAK = YES;
				CLANG_WARN_BLOCK_CAPTURE_AUTORELEASING = YES;
				CLANG_WARN_BOOL_CONVERSION = YES;
				CLANG_WARN_COMMA = YES;
				CLANG_WARN_CONSTANT_CONVERSION = YES;
				CLANG_WARN_DEPRECATED_OBJC_IMPLEMENTATIONS = YES;
				CLANG_WARN_DIRECT_OBJC_ISA_USAGE = YES_ERROR;
				CLANG_WARN_DOCUMENTATION_COMMENTS = YES;
				CLANG_WARN_EMPTY_BODY = YES;
				CLANG_WARN_ENUM_CONVERSION = YES;
				CLANG_WARN_INFINITE_RECURSION = YES;
				CLANG_WARN_INT_CONVERSION = YES;
				CLANG_WARN_NON_LITERAL_NULL_CONVERSION = YES;
				CLANG_WARN_OBJC_IMPLICIT_RETAIN_SELF = YES;
				CLANG_WARN_OBJC_LITERAL_CONVERSION = YES;
				CLANG_WARN_OBJC_ROOT_CLASS = YES_ERROR;
				CLANG_WARN_QUOTED_INCLUDE_IN_FRAMEWORK_HEADER = YES;
				CLANG_WARN_RANGE_LOOP_ANALYSIS = YES;
				CLANG_WARN_STRICT_PROTOTYPES = YES;
				CLANG_WARN_SUSPICIOUS_MOVE = YES;
				CLANG_WARN_UNGUARDED_AVAILABILITY = YES_AGGRESSIVE;
				CLANG_WARN_UNREACHABLE_CODE = YES;
				CLANG_WARN__DUPLICATE_METHOD_MATCH = YES;
				COPY_PHASE_STRIP = NO;
				DEBUG_INFORMATION_FORMAT = "dwarf-with-dsym";
				ENABLE_NS_ASSERTIONS = NO;
				ENABLE_STRICT_OBJC_MSGSEND = YES;
				ENABLE_USER_SCRIPT_SANDBOXING = YES;
				GCC_C_LANGUAGE_STANDARD = gnu17;
				GCC_NO_COMMON_BLOCKS = YES;
				GCC_WARN_64_TO_32_BIT_CONVERSION = YES;
				GCC_WARN_ABOUT_RETURN_TYPE = YES_ERROR;
				GCC_WARN_UNDECLARED_SELECTOR = YES;
				GCC_WARN_UNINITIALIZED_AUTOS = YES_AGGRESSIVE;
				GCC_WARN_UNUSED_FUNCTION = YES;
				GCC_WARN_UNUSED_VARIABLE = YES;
				LOCALIZATION_PREFERS_STRING_CATALOGS = YES;
				MTL_ENABLE_DEBUG_INFO = NO;
				MTL_FAST_MATH = YES;
				SWIFT_COMPILATION_MODE = wholemodule;
			};
			name = Release;
		};
		E5790AF02F878C1300D494E0 /* Debug */ = {
			isa = XCBuildConfiguration;
			buildSettings = {
				CODE_SIGN_STYLE = Automatic;
				CURRENT_PROJECT_VERSION = 1;
				DEVELOPMENT_TEAM = FSFG3AQ4KZ;
				GENERATE_INFOPLIST_FILE = YES;
				INFOPLIST_FILE = "iOS (Extension)/Info.plist";
				INFOPLIST_KEY_CFBundleDisplayName = "HWP Viewer Extension";
				INFOPLIST_KEY_NSHumanReadableCopyright = "";
				IPHONEOS_DEPLOYMENT_TARGET = 15.0;
				LD_RUNPATH_SEARCH_PATHS = (
					"$(inherited)",
					"@executable_path/Frameworks",
					"@executable_path/../../Frameworks",
				);
				MARKETING_VERSION = 1.0;
				OTHER_LDFLAGS = (
					"-framework",
					SafariServices,
				);
				PRODUCT_BUNDLE_IDENTIFIER = "com.edwardkim.rhwp-safari.Extension";
				PRODUCT_NAME = "HWP Viewer Extension";
				SDKROOT = iphoneos;
				SKIP_INSTALL = YES;
				STRING_CATALOG_GENERATE_SYMBOLS = YES;
				SWIFT_APPROACHABLE_CONCURRENCY = YES;
				SWIFT_EMIT_LOC_STRINGS = YES;
				SWIFT_UPCOMING_FEATURE_MEMBER_IMPORT_VISIBILITY = YES;
				SWIFT_VERSION = 5.0;
				TARGETED_DEVICE_FAMILY = "1,2";
			};
			name = Debug;
		};
		E5790AF12F878C1300D494E0 /* Release */ = {
			isa = XCBuildConfiguration;
			buildSettings = {
				CODE_SIGN_STYLE = Automatic;
				CURRENT_PROJECT_VERSION = 1;
				DEVELOPMENT_TEAM = FSFG3AQ4KZ;
				GENERATE_INFOPLIST_FILE = YES;
				INFOPLIST_FILE = "iOS (Extension)/Info.plist";
				INFOPLIST_KEY_CFBundleDisplayName = "HWP Viewer Extension";
				INFOPLIST_KEY_NSHumanReadableCopyright = "";
				IPHONEOS_DEPLOYMENT_TARGET = 15.0;
				LD_RUNPATH_SEARCH_PATHS = (
					"$(inherited)",
					"@executable_path/Frameworks",
					"@executable_path/../../Frameworks",
				);
				MARKETING_VERSION = 1.0;
				OTHER_LDFLAGS = (
					"-framework",
					SafariServices,
				);
				PRODUCT_BUNDLE_IDENTIFIER = "com.edwardkim.rhwp-safari.Extension";
				PRODUCT_NAME = "HWP Viewer Extension";
				SDKROOT = iphoneos;
				SKIP_INSTALL = YES;
				STRING_CATALOG_GENERATE_SYMBOLS = YES;
				SWIFT_APPROACHABLE_CONCURRENCY = YES;
				SWIFT_EMIT_LOC_STRINGS = YES;
				SWIFT_UPCOMING_FEATURE_MEMBER_IMPORT_VISIBILITY = YES;
				SWIFT_VERSION = 5.0;
				TARGETED_DEVICE_FAMILY = "1,2";
				VALIDATE_PRODUCT = YES;
			};
			name = Release;
		};
		E5790AF42F878C1300D494E0 /* Debug */ = {
			isa = XCBuildConfiguration;
			buildSettings = {
				ASSETCATALOG_COMPILER_APPICON_NAME = AppIcon;
				ASSETCATALOG_COMPILER_GLOBAL_ACCENT_COLOR_NAME = AccentColor;
				CODE_SIGN_STYLE = Automatic;
				CURRENT_PROJECT_VERSION = 1;
				DEVELOPMENT_TEAM = FSFG3AQ4KZ;
				GENERATE_INFOPLIST_FILE = YES;
				INFOPLIST_FILE = "iOS (App)/Info.plist";
				INFOPLIST_KEY_CFBundleDisplayName = "HWP Viewer";
				INFOPLIST_KEY_UIApplicationSupportsIndirectInputEvents = YES;
				INFOPLIST_KEY_UILaunchStoryboardName = LaunchScreen;
				INFOPLIST_KEY_UIMainStoryboardFile = Main;
				INFOPLIST_KEY_UISupportedInterfaceOrientations = "UIInterfaceOrientationPortrait UIInterfaceOrientationLandscapeLeft UIInterfaceOrientationLandscapeRight";
				INFOPLIST_KEY_UISupportedInterfaceOrientations_iPad = "UIInterfaceOrientationPortrait UIInterfaceOrientationPortraitUpsideDown UIInterfaceOrientationLandscapeLeft UIInterfaceOrientationLandscapeRight";
				IPHONEOS_DEPLOYMENT_TARGET = 15.0;
				LD_RUNPATH_SEARCH_PATHS = (
					"$(inherited)",
					"@executable_path/Frameworks",
				);
				MARKETING_VERSION = 1.0;
				OTHER_LDFLAGS = (
					"-framework",
					SafariServices,
					"-framework",
					WebKit,
				);
				PRODUCT_BUNDLE_IDENTIFIER = "com.edwardkim.rhwp-safari";
				PRODUCT_NAME = "HWP Viewer";
				SDKROOT = iphoneos;
				STRING_CATALOG_GENERATE_SYMBOLS = YES;
				SWIFT_APPROACHABLE_CONCURRENCY = YES;
				SWIFT_DEFAULT_ACTOR_ISOLATION = MainActor;
				SWIFT_EMIT_LOC_STRINGS = YES;
				SWIFT_UPCOMING_FEATURE_MEMBER_IMPORT_VISIBILITY = YES;
				SWIFT_VERSION = 5.0;
				TARGETED_DEVICE_FAMILY = "1,2";
			};
			name = Debug;
		};
		E5790AF52F878C1300D494E0 /* Release */ = {
			isa = XCBuildConfiguration;
			buildSettings = {
				ASSETCATALOG_COMPILER_APPICON_NAME = AppIcon;
				ASSETCATALOG_COMPILER_GLOBAL_ACCENT_COLOR_NAME = AccentColor;
				CODE_SIGN_STYLE = Automatic;
				CURRENT_PROJECT_VERSION = 1;
				DEVELOPMENT_TEAM = FSFG3AQ4KZ;
				GENERATE_INFOPLIST_FILE = YES;
				INFOPLIST_FILE = "iOS (App)/Info.plist";
				INFOPLIST_KEY_CFBundleDisplayName = "HWP Viewer";
				INFOPLIST_KEY_UIApplicationSupportsIndirectInputEvents = YES;
				INFOPLIST_KEY_UILaunchStoryboardName = LaunchScreen;
				INFOPLIST_KEY_UIMainStoryboardFile = Main;
				INFOPLIST_KEY_UISupportedInterfaceOrientations = "UIInterfaceOrientationPortrait UIInterfaceOrientationLandscapeLeft UIInterfaceOrientationLandscapeRight";
				INFOPLIST_KEY_UISupportedInterfaceOrientations_iPad = "UIInterfaceOrientationPortrait UIInterfaceOrientationPortraitUpsideDown UIInterfaceOrientationLandscapeLeft UIInterfaceOrientationLandscapeRight";
				IPHONEOS_DEPLOYMENT_TARGET = 15.0;
				LD_RUNPATH_SEARCH_PATHS = (
					"$(inherited)",
					"@executable_path/Frameworks",
				);
				MARKETING_VERSION = 1.0;
				OTHER_LDFLAGS = (
					"-framework",
					SafariServices,
					"-framework",
					WebKit,
				);
				PRODUCT_BUNDLE_IDENTIFIER = "com.edwardkim.rhwp-safari";
				PRODUCT_NAME = "HWP Viewer";
				SDKROOT = iphoneos;
				STRING_CATALOG_GENERATE_SYMBOLS = YES;
				SWIFT_APPROACHABLE_CONCURRENCY = YES;
				SWIFT_DEFAULT_ACTOR_ISOLATION = MainActor;
				SWIFT_EMIT_LOC_STRINGS = YES;
				SWIFT_UPCOMING_FEATURE_MEMBER_IMPORT_VISIBILITY = YES;
				SWIFT_VERSION = 5.0;
				TARGETED_DEVICE_FAMILY = "1,2";
				VALIDATE_PRODUCT = YES;
			};
			name = Release;
		};
		E5790AF72F878C1300D494E0 /* Debug */ = {
			isa = XCBuildConfiguration;
			buildSettings = {
				CODE_SIGN_STYLE = Automatic;
				CURRENT_PROJECT_VERSION = 1;
				DEVELOPMENT_TEAM = FSFG3AQ4KZ;
				ENABLE_APP_SANDBOX = YES;
				ENABLE_HARDENED_RUNTIME = YES;
				ENABLE_USER_SELECTED_FILES = readonly;
				GENERATE_INFOPLIST_FILE = YES;
				INFOPLIST_FILE = "macOS (Extension)/Info.plist";
				INFOPLIST_KEY_CFBundleDisplayName = "HWP Viewer Extension";
				INFOPLIST_KEY_NSHumanReadableCopyright = "";
				LD_RUNPATH_SEARCH_PATHS = (
					"$(inherited)",
					"@executable_path/../Frameworks",
					"@executable_path/../../../../Frameworks",
				);
				MACOSX_DEPLOYMENT_TARGET = 10.14;
				MARKETING_VERSION = 1.0;
				OTHER_LDFLAGS = (
					"-framework",
					SafariServices,
				);
				PRODUCT_BUNDLE_IDENTIFIER = "com.edwardkim.rhwp-safari.Extension";
				PRODUCT_NAME = "HWP Viewer Extension";
				SDKROOT = macosx;
				SKIP_INSTALL = YES;
				STRING_CATALOG_GENERATE_SYMBOLS = YES;
				SWIFT_APPROACHABLE_CONCURRENCY = YES;
				SWIFT_EMIT_LOC_STRINGS = YES;
				SWIFT_UPCOMING_FEATURE_MEMBER_IMPORT_VISIBILITY = YES;
				SWIFT_VERSION = 5.0;
			};
			name = Debug;
		};
		E5790AF82F878C1300D494E0 /* Release */ = {
			isa = XCBuildConfiguration;
			buildSettings = {
				CODE_SIGN_STYLE = Automatic;
				CURRENT_PROJECT_VERSION = 1;
				DEVELOPMENT_TEAM = FSFG3AQ4KZ;
				ENABLE_APP_SANDBOX = YES;
				ENABLE_HARDENED_RUNTIME = YES;
				ENABLE_USER_SELECTED_FILES = readonly;
				GENERATE_INFOPLIST_FILE = YES;
				INFOPLIST_FILE = "macOS (Extension)/Info.plist";
				INFOPLIST_KEY_CFBundleDisplayName = "HWP Viewer Extension";
				INFOPLIST_KEY_NSHumanReadableCopyright = "";
				LD_RUNPATH_SEARCH_PATHS = (
					"$(inherited)",
					"@executable_path/../Frameworks",
					"@executable_path/../../../../Frameworks",
				);
				MACOSX_DEPLOYMENT_TARGET = 10.14;
				MARKETING_VERSION = 1.0;
				OTHER_LDFLAGS = (
					"-framework",
					SafariServices,
				);
				PRODUCT_BUNDLE_IDENTIFIER = "com.edwardkim.rhwp-safari.Extension";
				PRODUCT_NAME = "HWP Viewer Extension";
				SDKROOT = macosx;
				SKIP_INSTALL = YES;
				STRING_CATALOG_GENERATE_SYMBOLS = YES;
				SWIFT_APPROACHABLE_CONCURRENCY = YES;
				SWIFT_EMIT_LOC_STRINGS = YES;
				SWIFT_UPCOMING_FEATURE_MEMBER_IMPORT_VISIBILITY = YES;
				SWIFT_VERSION = 5.0;
			};
			name = Release;
		};
		E5790AFB2F878C1300D494E0 /* Debug */ = {
			isa = XCBuildConfiguration;
			buildSettings = {
				ASSETCATALOG_COMPILER_APPICON_NAME = AppIcon;
				ASSETCATALOG_COMPILER_GLOBAL_ACCENT_COLOR_NAME = AccentColor;
				CODE_SIGN_STYLE = Automatic;
				CURRENT_PROJECT_VERSION = 1;
				DEVELOPMENT_TEAM = FSFG3AQ4KZ;
				ENABLE_APP_SANDBOX = YES;
				ENABLE_HARDENED_RUNTIME = YES;
				ENABLE_OUTGOING_NETWORK_CONNECTIONS = YES;
				ENABLE_USER_SELECTED_FILES = readonly;
				GENERATE_INFOPLIST_FILE = YES;
				INFOPLIST_FILE = "macOS (App)/Info.plist";
				INFOPLIST_KEY_CFBundleDisplayName = "HWP Viewer";
				INFOPLIST_KEY_NSMainStoryboardFile = Main;
				INFOPLIST_KEY_NSPrincipalClass = NSApplication;
				LD_RUNPATH_SEARCH_PATHS = (
					"$(inherited)",
					"@executable_path/../Frameworks",
				);
				MACOSX_DEPLOYMENT_TARGET = 10.14;
				MARKETING_VERSION = 1.0;
				OTHER_LDFLAGS = (
					"-framework",
					SafariServices,
					"-framework",
					WebKit,
				);
				PRODUCT_BUNDLE_IDENTIFIER = "com.edwardkim.rhwp-safari";
				PRODUCT_NAME = "HWP Viewer";
				REGISTER_APP_GROUPS = YES;
				SDKROOT = macosx;
				STRING_CATALOG_GENERATE_SYMBOLS = YES;
				SWIFT_APPROACHABLE_CONCURRENCY = YES;
				SWIFT_DEFAULT_ACTOR_ISOLATION = MainActor;
				SWIFT_EMIT_LOC_STRINGS = YES;
				SWIFT_UPCOMING_FEATURE_MEMBER_IMPORT_VISIBILITY = YES;
				SWIFT_VERSION = 5.0;
			};
			name = Debug;
		};
		E5790AFC2F878C1300D494E0 /* Release */ = {
			isa = XCBuildConfiguration;
			buildSettings = {
				ASSETCATALOG_COMPILER_APPICON_NAME = AppIcon;
				ASSETCATALOG_COMPILER_GLOBAL_ACCENT_COLOR_NAME = AccentColor;
				CODE_SIGN_STYLE = Automatic;
				CURRENT_PROJECT_VERSION = 1;
				DEVELOPMENT_TEAM = FSFG3AQ4KZ;
				ENABLE_APP_SANDBOX = YES;
				ENABLE_HARDENED_RUNTIME = YES;
				ENABLE_OUTGOING_NETWORK_CONNECTIONS = YES;
				ENABLE_USER_SELECTED_FILES = readonly;
				GENERATE_INFOPLIST_FILE = YES;
				INFOPLIST_FILE = "macOS (App)/Info.plist";
				INFOPLIST_KEY_CFBundleDisplayName = "HWP Viewer";
				INFOPLIST_KEY_NSMainStoryboardFile = Main;
				INFOPLIST_KEY_NSPrincipalClass = NSApplication;
				LD_RUNPATH_SEARCH_PATHS = (
					"$(inherited)",
					"@executable_path/../Frameworks",
				);
				MACOSX_DEPLOYMENT_TARGET = 10.14;
				MARKETING_VERSION = 1.0;
				OTHER_LDFLAGS = (
					"-framework",
					SafariServices,
					"-framework",
					WebKit,
				);
				PRODUCT_BUNDLE_IDENTIFIER = "com.edwardkim.rhwp-safari";
				PRODUCT_NAME = "HWP Viewer";
				REGISTER_APP_GROUPS = YES;
				SDKROOT = macosx;
				STRING_CATALOG_GENERATE_SYMBOLS = YES;
				SWIFT_APPROACHABLE_CONCURRENCY = YES;
				SWIFT_DEFAULT_ACTOR_ISOLATION = MainActor;
				SWIFT_EMIT_LOC_STRINGS = YES;
				SWIFT_UPCOMING_FEATURE_MEMBER_IMPORT_VISIBILITY = YES;
				SWIFT_VERSION = 5.0;
			};
			name = Release;
		};
/* End XCBuildConfiguration section */

/* Begin XCConfigurationList section */
		E5790AA12F878C1200D494E0 /* Build configuration list for PBXProject "HWP Viewer" */ = {
			isa = XCConfigurationList;
			buildConfigurations = (
				E5790AED2F878C1300D494E0 /* Debug */,
				E5790AEE2F878C1300D494E0 /* Release */,
			);
			defaultConfigurationIsVisible = 0;
			defaultConfigurationName = Release;
		};
		E5790AEF2F878C1300D494E0 /* Build configuration list for PBXNativeTarget "HWP Viewer Extension (iOS)" */ = {
			isa = XCConfigurationList;
			buildConfigurations = (
				E5790AF02F878C1300D494E0 /* Debug */,
				E5790AF12F878C1300D494E0 /* Release */,
			);
			defaultConfigurationIsVisible = 0;
			defaultConfigurationName = Release;
		};
		E5790AF32F878C1300D494E0 /* Build configuration list for PBXNativeTarget "HWP Viewer (iOS)" */ = {
			isa = XCConfigurationList;
			buildConfigurations = (
				E5790AF42F878C1300D494E0 /* Debug */,
				E5790AF52F878C1300D494E0 /* Release */,
			);
			defaultConfigurationIsVisible = 0;
			defaultConfigurationName = Release;
		};
		E5790AF62F878C1300D494E0 /* Build configuration list for PBXNativeTarget "HWP Viewer Extension (macOS)" */ = {
			isa = XCConfigurationList;
			buildConfigurations = (
				E5790AF72F878C1300D494E0 /* Debug */,
				E5790AF82F878C1300D494E0 /* Release */,
			);
			defaultConfigurationIsVisible = 0;
			defaultConfigurationName = Release;
		};
		E5790AFA2F878C1300D494E0 /* Build configuration list for PBXNativeTarget "HWP Viewer (macOS)" */ = {
			isa = XCConfigurationList;
			buildConfigurations = (
				E5790AFB2F878C1300D494E0 /* Debug */,
				E5790AFC2F878C1300D494E0 /* Release */,
			);
			defaultConfigurationIsVisible = 0;
			defaultConfigurationName = Release;
		};
/* End XCConfigurationList section */
	};
	rootObject = E5790A9E2F878C1200D494E0 /* Project object */;
}
